DEPENDENCIES
  errbit-server

GRAPH
  7-zip (1.0.2)
    windows (>= 1.2.2)
  application (4.1.6)
  apt (2.7.0)
  ark (0.9.0)
    7-zip (>= 0.0.0)
    windows (>= 0.0.0)
  build-essential (2.2.3)
  chef_handler (1.1.6)
  dmg (2.2.2)
  errbit-server (1.0.2)
    application (>= 0.0.0)
    git (>= 0.0.0)
    logrotate (>= 0.0.0)
    mongodb (>= 0.0.0)
    nodejs (>= 0.0.0)
    rbenv (>= 0.0.0)
    service_factory (>= 0.0.0)
    unicorn (>= 0.0.0)
  git (4.2.2)
    build-essential (>= 0.0.0)
    dmg (>= 0.0.0)
    windows (>= 0.0.0)
    yum-epel (>= 0.0.0)
  homebrew (1.12.0)
    build-essential (>= 2.1.2)
  logrotate (1.9.1)
  mongodb (0.16.2)
    apt (>= 1.8.2)
    python (>= 0.0.0)
    runit (>= 1.5.0)
    yum (>= 3.0)
  nodejs (2.4.0)
    apt (>= 0.0.0)
    ark (>= 0.0.0)
    build-essential (>= 0.0.0)
    homebrew (>= 0.0.0)
    yum-epel (>= 0.0.0)
  ohai (2.0.1)
  packagecloud (0.0.17)
  python (1.4.6)
    build-essential (>= 0.0.0)
    yum-epel (>= 0.0.0)
  rbenv (1.7.1)
    apt (>= 0.0.0)
    build-essential (>= 0.0.0)
    git (>= 0.0.0)
    ohai (>= 1.1)
  resource_masher (0.10.0)
  run_action_now (0.1.0)
  runit (1.6.0)
    packagecloud (>= 0.0.0)
  service_factory (0.1.4)
    resource_masher (>= 0.10.0)
    run_action_now (>= 0.1.0)
    unix_bin (>= 0.2.7)
  unicorn (2.0.0)
  unix_bin (0.2.7)
  windows (1.36.6)
    chef_handler (>= 0.0.0)
  yum (3.6.0)
  yum-epel (0.6.0)
    yum (~> 3.0)
